<?xml version="1.0" encoding="utf-8"?>
<Project ToolsVersion="4.0" xmlns="http://schemas.microsoft.com/developer/msbuild/2003">
  <ItemGroup>
    <Filter Include="Source Files">
      <UniqueIdentifier>{4FC737F1-C7A5-4376-A066-2A32D752A2FF}</UniqueIdentifier>
      <Extensions>cpp;c;cc;cxx;def;odl;idl;hpj;bat;asm;asmx</Extensions>
    </Filter>
    <Filter Include="Header Files">
      <UniqueIdentifier>{93995380-89BD-4b04-88EB-625FBE52EBFB}</UniqueIdentifier>
      <Extensions>h;hpp;hxx;hm;inl;inc;xsd</Extensions>
    </Filter>
    <Filter Include="Config">
      <UniqueIdentifier>{2b36376a-4b5a-424d-a0b0-6c8d3da4fb72}</UniqueIdentifier>
    </Filter>
    <Filter Include="Samples">
      <UniqueIdentifier>{3618da7b-2bb0-4a0a-a4b4-2832b6311a4c}</UniqueIdentifier>
    </Filter>
    <Filter Include="Samples\helloworld">
      <UniqueIdentifier>{48ac4939-8c79-4589-a6d3-666e7beb2dae}</UniqueIdentifier>
    </Filter>
    <Filter Include="Samples\defaultdocument">
      <UniqueIdentifier>{a03bb42f-f23f-4af6-93e8-998401231a7d}</UniqueIdentifier>
    </Filter>
    <Filter Include="Samples\logging">
      <UniqueIdentifier>{43f3d8e0-aecd-4f50-8d4e-37998bb1e257}</UniqueIdentifier>
    </Filter>
    <Filter Include="Samples\configuration">
      <UniqueIdentifier>{f07a5931-154f-4980-a9ed-245f530c1110}</UniqueIdentifier>
    </Filter>
    <Filter Include="Scripts">
      <UniqueIdentifier>{08cdec16-3583-4ae0-8fd2-2ae9209a9f27}</UniqueIdentifier>
    </Filter>
    <Filter Include="Samples\express">
      <UniqueIdentifier>{ef0693b6-03e4-4dd5-9871-95e7ebdad97a}</UniqueIdentifier>
    </Filter>
    <Filter Include="Samples\urlrewrite">
      <UniqueIdentifier>{c2b92f3e-7cfe-4356-93eb-5ea1aedc7a23}</UniqueIdentifier>
    </Filter>
    <Filter Include="Tests">
      <UniqueIdentifier>{b9c8fafc-d71f-4060-b14b-fe9218b2a0d7}</UniqueIdentifier>
    </Filter>
    <Filter Include="Tests\functional">
      <UniqueIdentifier>{78694b12-f339-40b1-b5ff-1ba72d430f6e}</UniqueIdentifier>
    </Filter>
    <Filter Include="Tests\functional\tests">
      <UniqueIdentifier>{0f89b7c4-dc5b-490f-93c8-1b992c568a62}</UniqueIdentifier>
    </Filter>
    <Filter Include="Tests\functional\www">
      <UniqueIdentifier>{6ce18280-2588-47d7-ac4b-2940b30ae9fc}</UniqueIdentifier>
    </Filter>
    <Filter Include="Tests\functional\www\100_helloworld">
      <UniqueIdentifier>{3cf35ea1-e79e-4005-80c2-83de193d43d7}</UniqueIdentifier>
    </Filter>
    <Filter Include="Tests\functional\tests\node_modules">
      <UniqueIdentifier>{1e33b6a1-9db3-4e09-b02d-2fc269243dd8}</UniqueIdentifier>
    </Filter>
    <Filter Include="Tests\functional\www\101_helloworld_sequence">
      <UniqueIdentifier>{c8e343a1-df1c-4683-a1a7-d85206b36862}</UniqueIdentifier>
    </Filter>
    <Filter Include="Tests\functional\www\102_defaultdocument">
      <UniqueIdentifier>{c48f575c-4e53-4e0e-88ae-da27ebe4589d}</UniqueIdentifier>
    </Filter>
    <Filter Include="Tests\functional\www\103_urlrewrite">
      <UniqueIdentifier>{82399d26-206c-4d05-8815-34655e5d5079}</UniqueIdentifier>
    </Filter>
    <Filter Include="Tests\functional\tests\parts">
      <UniqueIdentifier>{0e9835dc-cb6d-4014-8ffb-b9e35b05160a}</UniqueIdentifier>
    </Filter>
    <Filter Include="Tests\functional\www\104_echo">
      <UniqueIdentifier>{368ed79c-099f-4196-bc66-4ce324df08cb}</UniqueIdentifier>
    </Filter>
    <Filter Include="Tests\functional\www\105_logging">
      <UniqueIdentifier>{053097ae-c9f4-4c00-8a31-a2c83ea57b14}</UniqueIdentifier>
    </Filter>
    <Filter Include="Tests\functional\www\106_autoupdate">
      <UniqueIdentifier>{eabfd5d6-7e45-439a-90c1-fd0f7ed538a1}</UniqueIdentifier>
    </Filter>
    <Filter Include="Tests\functional\scripts">
      <UniqueIdentifier>{f69631ee-6910-4fa3-9e6f-36786970c51e}</UniqueIdentifier>
    </Filter>
    <Filter Include="Tests\functional\www\107_filesystem">
      <UniqueIdentifier>{cc6d4108-5cc9-4576-adf4-6ddc7d186998}</UniqueIdentifier>
    </Filter>
    <Filter Include="Tests\functional\www\108_appsettings">
      <UniqueIdentifier>{f56c1f46-66cb-4585-adde-0ae7b04c5ee4}</UniqueIdentifier>
    </Filter>
    <Filter Include="Tests\functional\www\110_log_size_quota">
      <UniqueIdentifier>{babb03c5-c688-4393-beaa-65f34782c77c}</UniqueIdentifier>
    </Filter>
    <Filter Include="Tests\functional\www\111_node_env">
      <UniqueIdentifier>{b806867c-572b-4438-a6d4-7d24825fc492}</UniqueIdentifier>
    </Filter>
    <Filter Include="Tests\functional\www\112_dev_errors">
      <UniqueIdentifier>{2d285139-9862-4a82-be6a-768c87f19c20}</UniqueIdentifier>
    </Filter>
    <Filter Include="Tests\functional\www\112_dev_errors\on">
      <UniqueIdentifier>{5df8227d-9e97-4693-a70e-82e98c6bd301}</UniqueIdentifier>
    </Filter>
    <Filter Include="Tests\functional\www\112_dev_errors\off">
      <UniqueIdentifier>{4242898e-a656-4ae5-bc35-eb202a42a304}</UniqueIdentifier>
    </Filter>
    <Filter Include="Tests\performance">
      <UniqueIdentifier>{7409b3df-834a-45c3-a74b-79719f9e60cc}</UniqueIdentifier>
    </Filter>
    <Filter Include="Tests\performance\www">
      <UniqueIdentifier>{0fe4a6c4-1e40-4914-ab19-ee48a4084e5c}</UniqueIdentifier>
    </Filter>
    <Filter Include="Tests\performance\www\default">
      <UniqueIdentifier>{6b173a34-4fbb-49ac-9e03-33cde5a6e50f}</UniqueIdentifier>
    </Filter>
    <Filter Include="Tests\functional\www\113_encoding">
      <UniqueIdentifier>{5e0f95ef-1256-4223-a412-f5146a7713cc}</UniqueIdentifier>
    </Filter>
    <Filter Include="Tests\functional\www\115_customheaders">
      <UniqueIdentifier>{994959e7-12c0-43f7-a10b-24899813a857}</UniqueIdentifier>
    </Filter>
    <Filter Include="Tests\functional\www\116_configerror">
      <UniqueIdentifier>{500f40cf-c2f5-4264-b061-b4f1e59f50f5}</UniqueIdentifier>
    </Filter>
    <Filter Include="Tests\functional\www\117_autoupdate_dependency">
      <UniqueIdentifier>{ac86a901-4e59-4b58-82ce-a7674d8c587c}</UniqueIdentifier>
    </Filter>
    <Filter Include="Tests\functional\www\118_xff">
      <UniqueIdentifier>{dd3b1edf-b406-49ff-988a-4b417fe9ce3c}</UniqueIdentifier>
    </Filter>
    <Filter Include="Tests\functional\www\119_servervars">
      <UniqueIdentifier>{4595469d-4085-4631-836b-08584244a9e7}</UniqueIdentifier>
    </Filter>
    <Filter Include="Tests\functional\www\120_dev_errors_exception">
      <UniqueIdentifier>{39ff35f2-9b08-4689-8185-a10773c03ab0}</UniqueIdentifier>
    </Filter>
    <Filter Include="Tests\functional\www\121_watchedFiles">
      <UniqueIdentifier>{53a23746-6411-4600-8315-bc8a1b2120da}</UniqueIdentifier>
    </Filter>
    <Filter Include="Tests\functional\www\122_multipleResponseHeaders">
      <UniqueIdentifier>{53b5e674-69d5-4bae-9629-49cd8b7c7c45}</UniqueIdentifier>
    </Filter>
    <Filter Include="Tests\functional\www\123_upload">
      <UniqueIdentifier>{18d24dd3-6582-41ad-856d-949ed0626792}</UniqueIdentifier>
    </Filter>
    <Filter Include="Tests\functional\www\124_node_config_override">
      <UniqueIdentifier>{ebde3d11-88f9-44b3-ba68-1752293b7729}</UniqueIdentifier>
    </Filter>
    <Filter Include="Tests\functional\www\125_node_config_autoupdate">
      <UniqueIdentifier>{e8b955a6-1062-48cf-8799-e5481a1c759b}</UniqueIdentifier>
    </Filter>
    <Filter Include="Tests\functional\www\126_node_config_syntax">
      <UniqueIdentifier>{11747cf2-9384-4591-992e-4bc85c6fe7c8}</UniqueIdentifier>
    </Filter>
    <Filter Include="Tests\functional\www\130_websocket_onetwothree">
      <UniqueIdentifier>{3ed37931-60f3-4898-98ac-01d5b0b19b07}</UniqueIdentifier>
    </Filter>
    <Filter Include="Tests\functional\www\131_websocket_echo">
      <UniqueIdentifier>{43a77b03-30e9-4377-9dcd-a8bbcb255b5a}</UniqueIdentifier>
    </Filter>
    <Filter Include="Tests\functional\www\132_debug_header">
      <UniqueIdentifier>{c186f452-9528-4731-97e6-f9a3d797bb10}</UniqueIdentifier>
    </Filter>
    <Filter Include="Tests\stress">
      <UniqueIdentifier>{e5dade76-fb92-4baa-a16b-41d7df056829}</UniqueIdentifier>
    </Filter>
    <Filter Include="Tests\stress\131_websocket_connections">
      <UniqueIdentifier>{8b577c52-0888-4778-8c01-308bf573cb77}</UniqueIdentifier>
    </Filter>
    <Filter Include="Tests\stress\130_websocket_chat">
      <UniqueIdentifier>{2081befc-0e1b-498c-b3ca-056e0c37305b}</UniqueIdentifier>
    </Filter>
    <Filter Include="Tests\stress\132_websocket_latency">
      <UniqueIdentifier>{44ee30b6-3875-4e2d-99f0-f9e5cf6b38ac}</UniqueIdentifier>
    </Filter>
    <Filter Include="Tests\functional\www\140_large_download">
      <UniqueIdentifier>{d55c12ae-4311-4695-855b-76a504d76888}</UniqueIdentifier>
    </Filter>
    <Filter Include="Tests\functional\www\141_large_upload">
      <UniqueIdentifier>{c9b72a3c-ca3e-48a9-90a0-d86d681918fa}</UniqueIdentifier>
    </Filter>
  </ItemGroup>
  <ItemGroup>
    <ClCompile Include="main.cpp">
      <Filter>Source Files</Filter>
    </ClCompile>
    <ClCompile Include="precomp.cpp">
      <Filter>Source Files</Filter>
    </ClCompile>
    <ClCompile Include="cnodehttpmodule.cpp">
      <Filter>Source Files</Filter>
    </ClCompile>
    <ClCompile Include="cactiverequestpool.cpp">
      <Filter>Source Files</Filter>
    </ClCompile>
    <ClCompile Include="chttpprotocol.cpp">
      <Filter>Source Files</Filter>
    </ClCompile>
    <ClCompile Include="cnodeapplication.cpp">
      <Filter>Source Files</Filter>
    </ClCompile>
    <ClCompile Include="cnodeapplicationmanager.cpp">
      <Filter>Source Files</Filter>
    </ClCompile>
    <ClCompile Include="cnodeprocess.cpp">
      <Filter>Source Files</Filter>
    </ClCompile>
    <ClCompile Include="cnodeprocessmanager.cpp">
      <Filter>Source Files</Filter>
    </ClCompile>
    <ClCompile Include="cprotocolbridge.cpp">
      <Filter>Source Files</Filter>
    </ClCompile>
    <ClCompile Include="cnodehttpmodulefactory.cpp">
      <Filter>Source Files</Filter>
    </ClCompile>
    <ClCompile Include="cnodehttpstoredcontext.cpp">
      <Filter>Source Files</Filter>
    </ClCompile>
    <ClCompile Include="cmoduleconfiguration.cpp">
      <Filter>Source Files</Filter>
    </ClCompile>
    <ClCompile Include="casyncmanager.cpp">
      <Filter>Source Files</Filter>
    </ClCompile>
    <ClCompile Include="cfilewatcher.cpp">
      <Filter>Source Files</Filter>
    </ClCompile>
    <ClCompile Include="cnodeeventprovider.cpp">
      <Filter>Source Files</Filter>
    </ClCompile>
    <ClCompile Include="cnodedebugger.cpp">
      <Filter>Source Files</Filter>
    </ClCompile>
    <ClCompile Include="cconnectionpool.cpp">
      <Filter>Source Files</Filter>
    </ClCompile>
    <ClCompile Include="cnodeglobalmodule.cpp">
      <Filter>Source Files</Filter>
    </ClCompile>
  </ItemGroup>
  <ItemGroup>
    <ClInclude Include="precomp.h">
      <Filter>Header Files</Filter>
    </ClInclude>
    <ClInclude Include="cnodehttpmodule.h">
      <Filter>Header Files</Filter>
    </ClInclude>
    <ClInclude Include="cnodehttpmodulefactory.h">
      <Filter>Header Files</Filter>
    </ClInclude>
    <ClInclude Include="cnodeapplicationmanager.h">
      <Filter>Header Files</Filter>
    </ClInclude>
    <ClInclude Include="cnodeapplication.h">
      <Filter>Header Files</Filter>
    </ClInclude>
    <ClInclude Include="cnodeprocessmanager.h">
      <Filter>Header Files</Filter>
    </ClInclude>
    <ClInclude Include="cnodeprocess.h">
      <Filter>Header Files</Filter>
    </ClInclude>
    <ClInclude Include="cactiverequestpool.h">
      <Filter>Header Files</Filter>
    </ClInclude>
    <ClInclude Include="cprotocolbridge.h">
      <Filter>Header Files</Filter>
    </ClInclude>
    <ClInclude Include="chttpprotocol.h">
      <Filter>Header Files</Filter>
    </ClInclude>
    <ClInclude Include="utils.h">
      <Filter>Header Files</Filter>
    </ClInclude>
    <ClInclude Include="cnodehttpstoredcontext.h">
      <Filter>Header Files</Filter>
    </ClInclude>
    <ClInclude Include="cmoduleconfiguration.h">
      <Filter>Header Files</Filter>
    </ClInclude>
    <ClInclude Include="casyncmanager.h">
      <Filter>Header Files</Filter>
    </ClInclude>
    <ClInclude Include="cfilewatcher.h">
      <Filter>Header Files</Filter>
    </ClInclude>
    <ClInclude Include="version_autogenerated.h">
      <Filter>Header Files</Filter>
    </ClInclude>
    <ClInclude Include="cnodeeventprovider.h">
      <Filter>Header Files</Filter>
    </ClInclude>
    <ClInclude Include="cnodedebugger.h">
      <Filter>Header Files</Filter>
    </ClInclude>
    <ClInclude Include="errors.h">
      <Filter>Header Files</Filter>
    </ClInclude>
    <ClInclude Include="cconnectionpool.h">
      <Filter>Header Files</Filter>
    </ClInclude>
    <ClInclude Include="cnodeglobalmodule.h">
      <Filter>Header Files</Filter>
    </ClInclude>
  </ItemGroup>
  <ItemGroup>
    <None Include="iisnode.def">
      <Filter>Source Files</Filter>
    </None>
    <None Include="..\config\iisnode_schema.xml">
      <Filter>Config</Filter>
    </None>
    <None Include="..\samples\helloworld\hello.js">
      <Filter>Samples\helloworld</Filter>
    </None>
    <None Include="..\samples\helloworld\web.config">
      <Filter>Samples\helloworld</Filter>
    </None>
    <None Include="..\samples\defaultdocument\index.js">
      <Filter>Samples\defaultdocument</Filter>
    </None>
    <None Include="..\samples\defaultdocument\web.config">
      <Filter>Samples\defaultdocument</Filter>
    </None>
    <None Include="..\samples\logging\hello.js">
      <Filter>Samples\logging</Filter>
    </None>
    <None Include="..\samples\logging\web.config">
      <Filter>Samples\logging</Filter>
    </None>
    <None Include="..\samples\configuration\hello.js">
      <Filter>Samples\configuration</Filter>
    </None>
    <None Include="..\samples\index.htm">
      <Filter>Samples</Filter>
    </None>
    <None Include="..\samples\configuration\web.config">
      <Filter>Samples\configuration</Filter>
    </None>
    <None Include="..\samples\express\hello.js">
      <Filter>Samples\express</Filter>
    </None>
    <None Include="..\samples\express\web.config">
      <Filter>Samples\express</Filter>
    </None>
    <None Include="..\samples\urlrewrite\hello.js">
      <Filter>Samples\urlrewrite</Filter>
    </None>
    <None Include="..\samples\urlrewrite\web.config">
      <Filter>Samples\urlrewrite</Filter>
    </None>
    <None Include="..\samples\urlrewrite\readme.htm">
      <Filter>Samples\urlrewrite</Filter>
    </None>
    <None Include="..\samples\helloworld\readme.htm">
      <Filter>Samples\helloworld</Filter>
    </None>
    <None Include="..\samples\configuration\readme.htm">
      <Filter>Samples\configuration</Filter>
    </None>
    <None Include="..\samples\defaultdocument\readme.htm">
      <Filter>Samples\defaultdocument</Filter>
    </None>
    <None Include="..\samples\logging\readme.htm">
      <Filter>Samples\logging</Filter>
    </None>
    <None Include="..\samples\express\readme.htm">
      <Filter>Samples\express</Filter>
    </None>
    <None Include="..\..\test\functional\tests\100_helloworld.js">
      <Filter>Tests\functional\tests</Filter>
    </None>
    <None Include="..\..\test\functional\www\100_helloworld\hello.js">
      <Filter>Tests\functional\www\100_helloworld</Filter>
    </None>
    <None Include="..\..\test\functional\www\100_helloworld\web.config">
      <Filter>Tests\functional\www\100_helloworld</Filter>
    </None>
    <None Include="..\..\test\functional\tests\node_modules\iisnodeassert.js">
      <Filter>Tests\functional\tests\node_modules</Filter>
    </None>
    <None Include="..\..\test\functional\tests\101_helloworld_sequence.js">
      <Filter>Tests\functional\tests</Filter>
    </None>
    <None Include="..\..\test\functional\www\101_helloworld_sequence\hello.js">
      <Filter>Tests\functional\www\101_helloworld_sequence</Filter>
    </None>
    <None Include="..\..\test\functional\www\101_helloworld_sequence\web.config">
      <Filter>Tests\functional\www\101_helloworld_sequence</Filter>
    </None>
    <None Include="..\..\test\functional\www\102_defaultdocument\web.config">
      <Filter>Tests\functional\www\102_defaultdocument</Filter>
    </None>
    <None Include="..\..\test\functional\www\102_defaultdocument\index.js">
      <Filter>Tests\functional\www\102_defaultdocument</Filter>
    </None>
    <None Include="..\..\test\functional\tests\102_defaultdocument.js">
      <Filter>Tests\functional\tests</Filter>
    </None>
    <None Include="..\..\test\functional\www\103_urlrewrite\hello.js">
      <Filter>Tests\functional\www\103_urlrewrite</Filter>
    </None>
    <None Include="..\..\test\functional\www\103_urlrewrite\web.config">
      <Filter>Tests\functional\www\103_urlrewrite</Filter>
    </None>
    <None Include="..\..\test\functional\test.bat">
      <Filter>Tests\functional</Filter>
    </None>
    <None Include="..\..\test\functional\tests\103_urlrewrite.js">
      <Filter>Tests\functional\tests</Filter>
    </None>
    <None Include="..\..\test\functional\tests\104_echo.js">
      <Filter>Tests\functional\tests</Filter>
    </None>
    <None Include="..\..\test\functional\tests\105_logging.js">
      <Filter>Tests\functional\tests</Filter>
    </None>
    <None Include="..\..\test\functional\tests\200_samples.bat">
      <Filter>Tests\functional\tests</Filter>
    </None>
    <None Include="..\..\test\functional\tests\parts\200_samples.js">
      <Filter>Tests\functional\tests\parts</Filter>
    </None>
    <None Include="..\..\test\functional\www\104_echo\echo.js">
      <Filter>Tests\functional\www\104_echo</Filter>
    </None>
    <None Include="..\..\test\functional\www\104_echo\web.config">
      <Filter>Tests\functional\www\104_echo</Filter>
    </None>
    <None Include="..\..\test\functional\www\105_logging\hello.js">
      <Filter>Tests\functional\www\105_logging</Filter>
    </None>
    <None Include="..\..\test\functional\www\105_logging\web.config">
      <Filter>Tests\functional\www\105_logging</Filter>
    </None>
    <None Include="..\..\test\functional\www\106_autoupdate\hello_first.js">
      <Filter>Tests\functional\www\106_autoupdate</Filter>
    </None>
    <None Include="..\..\test\functional\www\106_autoupdate\hello_second.js">
      <Filter>Tests\functional\www\106_autoupdate</Filter>
    </None>
    <None Include="..\..\test\functional\www\106_autoupdate\web.config">
      <Filter>Tests\functional\www\106_autoupdate</Filter>
    </None>
    <None Include="..\..\test\functional\tests\106_autoupdate.bat">
      <Filter>Tests\functional\tests</Filter>
    </None>
    <None Include="..\..\test\functional\tests\parts\106_autoupdate_first.js">
      <Filter>Tests\functional\tests\parts</Filter>
    </None>
    <None Include="..\..\test\functional\tests\parts\106_autoupdate_second.js">
      <Filter>Tests\functional\tests\parts</Filter>
    </None>
    <None Include="..\..\test\functional\scripts\runNodeTest.bat">
      <Filter>Tests\functional\scripts</Filter>
    </None>
    <None Include="..\..\test\functional\scripts\setup.bat">
      <Filter>Tests\functional\scripts</Filter>
    </None>
    <None Include="..\scripts\setupsamples.bat">
      <Filter>Scripts</Filter>
    </None>
    <None Include="..\config\iisnode_schema_x64.xml">
      <Filter>Config</Filter>
    </None>
    <None Include="..\..\test\functional\tests\107_filesystem.js">
      <Filter>Tests\functional\tests</Filter>
    </None>
    <None Include="..\..\test\functional\www\107_filesystem\file.txt">
      <Filter>Tests\functional\www\107_filesystem</Filter>
    </None>
    <None Include="..\..\test\functional\www\107_filesystem\hello.js">
      <Filter>Tests\functional\www\107_filesystem</Filter>
    </None>
    <None Include="..\..\test\functional\www\107_filesystem\web.config">
      <Filter>Tests\functional\www\107_filesystem</Filter>
    </None>
    <None Include="..\..\test\functional\www\108_appsettings\hello.js">
      <Filter>Tests\functional\www\108_appsettings</Filter>
    </None>
    <None Include="..\..\test\functional\www\108_appsettings\web.config">
      <Filter>Tests\functional\www\108_appsettings</Filter>
    </None>
    <None Include="..\..\test\functional\tests\108_appsettings.js">
      <Filter>Tests\functional\tests</Filter>
    </None>
    <None Include="..\scripts\etw.bat">
      <Filter>Scripts</Filter>
    </None>
    <None Include="..\..\test\functional\tests\109_helloworld_debug.js">
      <Filter>Tests\functional\tests</Filter>
    </None>
    <None Include="..\..\test\functional\www\110_log_size_quota\hello.js">
      <Filter>Tests\functional\www\110_log_size_quota</Filter>
    </None>
    <None Include="..\..\test\functional\www\110_log_size_quota\web.config">
      <Filter>Tests\functional\www\110_log_size_quota</Filter>
    </None>
    <None Include="..\..\test\functional\tests\110_log_size_quota.js">
      <Filter>Tests\functional\tests</Filter>
    </None>
    <None Include="..\..\test\functional\www\111_node_env\hello.js">
      <Filter>Tests\functional\www\111_node_env</Filter>
    </None>
    <None Include="..\..\test\functional\www\111_node_env\web.config">
      <Filter>Tests\functional\www\111_node_env</Filter>
    </None>
    <None Include="..\..\test\functional\tests\111_node_env.js">
      <Filter>Tests\functional\tests</Filter>
    </None>
    <None Include="..\..\test\functional\tests\112_dev_errors.js">
      <Filter>Tests\functional\tests</Filter>
    </None>
    <None Include="..\..\test\functional\www\112_dev_errors\off\hello.js">
      <Filter>Tests\functional\www\112_dev_errors\off</Filter>
    </None>
    <None Include="..\..\test\functional\www\112_dev_errors\off\web.config">
      <Filter>Tests\functional\www\112_dev_errors\off</Filter>
    </None>
    <None Include="..\..\test\functional\www\112_dev_errors\on\hello.js">
      <Filter>Tests\functional\www\112_dev_errors\on</Filter>
    </None>
    <None Include="..\..\test\functional\www\112_dev_errors\on\web.config">
      <Filter>Tests\functional\www\112_dev_errors\on</Filter>
    </None>
    <None Include="..\..\test\performance\server.bat">
      <Filter>Tests\performance</Filter>
    </None>
    <None Include="..\..\test\performance\client.bat">
      <Filter>Tests\performance</Filter>
    </None>
    <None Include="..\..\test\performance\readme.txt">
      <Filter>Tests\performance</Filter>
    </None>
    <None Include="..\..\test\performance\www\default\server.js">
      <Filter>Tests\performance\www\default</Filter>
    </None>
    <None Include="..\..\test\performance\www\default\wcat.ubr">
      <Filter>Tests\performance\www\default</Filter>
    </None>
    <None Include="..\..\test\performance\www\default\web.config">
      <Filter>Tests\performance\www\default</Filter>
    </None>
    <None Include="..\..\test\performance\localRun.bat">
      <Filter>Tests\performance</Filter>
    </None>
    <None Include="..\..\test\functional\www\113_encoding\hello.js">
      <Filter>Tests\functional\www\113_encoding</Filter>
    </None>
    <None Include="..\..\test\functional\www\113_encoding\web.config">
      <Filter>Tests\functional\www\113_encoding</Filter>
    </None>
    <None Include="..\..\test\functional\tests\113_encoding.js">
      <Filter>Tests\functional\tests</Filter>
    </None>
    <None Include="..\..\test\functional\tests\115_customheaders.js">
      <Filter>Tests\functional\tests</Filter>
    </None>
    <None Include="..\..\test\functional\www\115_customheaders\hello.js">
      <Filter>Tests\functional\www\115_customheaders</Filter>
    </None>
    <None Include="..\..\test\functional\www\115_customheaders\web.config">
      <Filter>Tests\functional\www\115_customheaders</Filter>
    </None>
    <None Include="..\..\test\functional\tests\116_configerror.js">
      <Filter>Tests\functional\tests</Filter>
    </None>
    <None Include="..\..\test\functional\www\116_configerror\hello.js">
      <Filter>Tests\functional\www\116_configerror</Filter>
    </None>
    <None Include="..\..\test\functional\www\116_configerror\web.config">
      <Filter>Tests\functional\www\116_configerror</Filter>
    </None>
    <None Include="..\..\test\functional\tests\117_autoupdate_dependency.bat">
      <Filter>Tests\functional\tests</Filter>
    </None>
    <None Include="..\..\test\functional\tests\parts\117_autoupdate_dependency_first.js">
      <Filter>Tests\functional\tests\parts</Filter>
    </None>
    <None Include="..\..\test\functional\tests\parts\117_autoupdate_dependency_second.js">
      <Filter>Tests\functional\tests\parts</Filter>
    </None>
    <None Include="..\..\test\functional\www\117_autoupdate_dependency\hello.js">
      <Filter>Tests\functional\www\117_autoupdate_dependency</Filter>
    </None>
    <None Include="..\..\test\functional\www\117_autoupdate_dependency\hello_first.js">
      <Filter>Tests\functional\www\117_autoupdate_dependency</Filter>
    </None>
    <None Include="..\..\test\functional\www\117_autoupdate_dependency\hello_second.js">
      <Filter>Tests\functional\www\117_autoupdate_dependency</Filter>
    </None>
    <None Include="..\..\test\functional\www\117_autoupdate_dependency\web.config">
      <Filter>Tests\functional\www\117_autoupdate_dependency</Filter>
    </None>
    <None Include="..\..\test\functional\tests\118_xff.js">
      <Filter>Tests\functional\tests</Filter>
    </None>
    <None Include="..\..\test\functional\www\118_xff\hello.js">
      <Filter>Tests\functional\www\118_xff</Filter>
    </None>
    <None Include="..\..\test\functional\www\118_xff\web.config">
      <Filter>Tests\functional\www\118_xff</Filter>
    </None>
    <None Include="..\..\test\functional\tests\119_servervars.js">
      <Filter>Tests\functional\tests</Filter>
    </None>
    <None Include="..\..\test\functional\www\119_servervars\hello.js">
      <Filter>Tests\functional\www\119_servervars</Filter>
    </None>
    <None Include="..\..\test\functional\www\119_servervars\web.config">
      <Filter>Tests\functional\www\119_servervars</Filter>
    </None>
    <None Include="..\..\test\functional\tests\120_dev_errors_exception.js">
      <Filter>Tests\functional\tests</Filter>
    </None>
    <None Include="..\..\test\functional\www\120_dev_errors_exception\hello.js">
      <Filter>Tests\functional\www\120_dev_errors_exception</Filter>
    </None>
    <None Include="..\..\test\functional\www\120_dev_errors_exception\web.config">
      <Filter>Tests\functional\www\120_dev_errors_exception</Filter>
    </None>
    <None Include="..\..\test\functional\tests\121_watchedFiles.js">
      <Filter>Tests\functional\tests</Filter>
    </None>
    <None Include="..\..\test\functional\www\121_watchedFiles\hello.js">
      <Filter>Tests\functional\www\121_watchedFiles</Filter>
    </None>
    <None Include="..\..\test\functional\www\121_watchedFiles\web.config">
      <Filter>Tests\functional\www\121_watchedFiles</Filter>
    </None>
    <None Include="..\..\test\functional\www\122_multipleResponseHeaders\hello.js">
      <Filter>Tests\functional\www\122_multipleResponseHeaders</Filter>
    </None>
    <None Include="..\..\test\functional\www\122_multipleResponseHeaders\web.config">
      <Filter>Tests\functional\www\122_multipleResponseHeaders</Filter>
    </None>
    <None Include="..\..\test\functional\tests\122_multipleResponseHeaders.js">
      <Filter>Tests\functional\tests</Filter>
    </None>
    <None Include="..\..\test\functional\www\123_upload\hello.js">
      <Filter>Tests\functional\www\123_upload</Filter>
    </None>
    <None Include="..\..\test\functional\www\123_upload\web.config">
      <Filter>Tests\functional\www\123_upload</Filter>
    </None>
    <None Include="..\..\test\functional\tests\123_upload.js">
      <Filter>Tests\functional\tests</Filter>
    </None>
    <None Include="..\..\test\functional\www\124_node_config_override\hello.js">
      <Filter>Tests\functional\www\124_node_config_override</Filter>
    </None>
    <None Include="..\..\test\functional\www\124_node_config_override\web.config">
      <Filter>Tests\functional\www\124_node_config_override</Filter>
    </None>
    <None Include="..\..\test\functional\www\125_node_config_autoupdate\.gitignore">
      <Filter>Tests\functional\www\125_node_config_autoupdate</Filter>
    </None>
    <None Include="..\..\test\functional\www\125_node_config_autoupdate\hello.js">
      <Filter>Tests\functional\www\125_node_config_autoupdate</Filter>
    </None>
    <None Include="..\..\test\functional\www\125_node_config_autoupdate\web.config">
      <Filter>Tests\functional\www\125_node_config_autoupdate</Filter>
    </None>
    <None Include="..\..\test\functional\tests\124_node_config_override.js">
      <Filter>Tests\functional\tests</Filter>
    </None>
    <None Include="..\..\test\functional\tests\125_node_config_autoupdate.js">
      <Filter>Tests\functional\tests</Filter>
    </None>
    <None Include="..\..\test\functional\www\126_node_config_syntax\.gitignore">
      <Filter>Tests\functional\www\126_node_config_syntax</Filter>
    </None>
    <None Include="..\..\test\functional\www\126_node_config_syntax\hello.js">
      <Filter>Tests\functional\www\126_node_config_syntax</Filter>
    </None>
    <None Include="..\..\test\functional\www\126_node_config_syntax\web.config">
      <Filter>Tests\functional\www\126_node_config_syntax</Filter>
    </None>
    <None Include="..\..\test\functional\tests\126_node_config_syntax.js">
      <Filter>Tests\functional\tests</Filter>
    </None>
    <None Include="..\samples\configuration\iisnode.yml">
      <Filter>Samples\configuration</Filter>
    </None>
    <None Include="..\..\test\functional\www\124_node_config_override\iisnode.yml">
      <Filter>Tests\functional\www\124_node_config_override</Filter>
    </None>
    <None Include="..\scripts\interceptor.js">
      <Filter>Scripts</Filter>
    </None>
    <None Include="..\scripts\logs.template.html">
      <Filter>Scripts</Filter>
    </None>
    <None Include="..\config\iisnode_express_schema.xml">
      <Filter>Config</Filter>
    </None>
    <None Include="..\config\iisnode_express_schema_x64.xml">
      <Filter>Config</Filter>
    </None>
    <None Include="..\config\iisnode_dev_x64.xml">
      <Filter>Config</Filter>
    </None>
    <None Include="..\config\iisnode_dev_x86_on_x64.xml">
      <Filter>Config</Filter>
    </None>
    <None Include="..\config\iisnode_dev_x86_on_x86.xml">
      <Filter>Config</Filter>
    </None>
    <None Include="..\..\test\functional\www\130_websocket_onetwothree\server.js">
      <Filter>Tests\functional\www\130_websocket_onetwothree</Filter>
    </None>
    <None Include="..\..\test\functional\www\130_websocket_onetwothree\web.config">
      <Filter>Tests\functional\www\130_websocket_onetwothree</Filter>
    </None>
    <None Include="..\..\test\functional\tests\130_websocket_onetwothree.js">
      <Filter>Tests\functional\tests</Filter>
    </None>
    <None Include="..\..\test\functional\tests\131_websocket_echo.js">
      <Filter>Tests\functional\tests</Filter>
    </None>
    <None Include="..\..\test\functional\www\131_websocket_echo\server.js">
      <Filter>Tests\functional\www\131_websocket_echo</Filter>
    </None>
    <None Include="..\..\test\functional\www\131_websocket_echo\web.config">
      <Filter>Tests\functional\www\131_websocket_echo</Filter>
    </None>
    <None Include="..\..\test\functional\www\132_debug_header\hello.js">
      <Filter>Tests\functional\www\132_debug_header</Filter>
    </None>
    <None Include="..\..\test\functional\www\132_debug_header\web.config">
      <Filter>Tests\functional\www\132_debug_header</Filter>
    </None>
    <None Include="..\..\test\functional\tests\132_debug_header.js">
      <Filter>Tests\functional\tests</Filter>
    </None>
    <None Include="..\..\test\stress\130_websocket_chat\server.js">
      <Filter>Tests\stress\130_websocket_chat</Filter>
    </None>
    <None Include="..\..\test\stress\130_websocket_chat\web.config">
      <Filter>Tests\stress\130_websocket_chat</Filter>
    </None>
    <None Include="..\..\test\stress\130_websocket_chat\index.html">
      <Filter>Tests\stress\130_websocket_chat</Filter>
    </None>
    <None Include="..\..\test\stress\131_websoket_connections\index.html">
      <Filter>Tests\stress\131_websocket_connections</Filter>
    </None>
    <None Include="..\..\test\stress\131_websoket_connections\server.js">
      <Filter>Tests\stress\131_websocket_connections</Filter>
    </None>
    <None Include="..\..\test\stress\131_websoket_connections\setup.bat">
      <Filter>Tests\stress\131_websocket_connections</Filter>
    </None>
    <None Include="..\..\test\stress\131_websoket_connections\web.config">
      <Filter>Tests\stress\131_websocket_connections</Filter>
    </None>
    <None Include="..\..\test\stress\130_websocket_chat\setup.bat">
      <Filter>Tests\stress\130_websocket_chat</Filter>
    </None>
    <None Include="..\..\test\stress\132_websocket_latency\index.html">
      <Filter>Tests\stress\132_websocket_latency</Filter>
    </None>
    <None Include="..\..\test\stress\132_websocket_latency\server.js">
      <Filter>Tests\stress\132_websocket_latency</Filter>
    </None>
    <None Include="..\..\test\stress\132_websocket_latency\setup.bat">
      <Filter>Tests\stress\132_websocket_latency</Filter>
    </None>
    <None Include="..\..\test\stress\132_websocket_latency\web.config">
      <Filter>Tests\stress\132_websocket_latency</Filter>
    </None>
    <None Include="..\..\test\functional\tests\140_large_download.js">
      <Filter>Tests\functional\tests</Filter>
    </None>
    <None Include="..\..\test\functional\www\140_large_download\hello.js">
      <Filter>Tests\functional\www\140_large_download</Filter>
    </None>
    <None Include="..\..\test\functional\www\140_large_download\web.config">
      <Filter>Tests\functional\www\140_large_download</Filter>
    </None>
    <None Include="..\..\test\functional\tests\141_large_upload.js">
      <Filter>Tests\functional\tests</Filter>
    </None>
    <None Include="..\..\test\functional\www\141_large_upload\hello.js">
      <Filter>Tests\functional\www\141_large_upload</Filter>
    </None>
    <None Include="..\..\test\functional\www\141_large_upload\web.config">
      <Filter>Tests\functional\www\141_large_upload</Filter>
    </None>
    <None Include="..\..\test\functional\tests\142_large_upload_download.js">
      <Filter>Tests\functional\tests</Filter>
    </None>
  </ItemGroup>
  <ItemGroup>
    <ResourceCompile Include="iisnode.rc" />
  </ItemGroup>
</Project>