<?xml version="1.0" encoding="utf-8"?>
<Project ToolsVersion="4.0" xmlns="http://schemas.microsoft.com/developer/msbuild/2003">
  <ItemGroup>
    <Filter Include="Source Files">
      <UniqueIdentifier>{4FC737F1-C7A5-4376-A066-2A32D752A2FF}</UniqueIdentifier>
      <Extensions>cpp;c;cc;cxx;def;odl;idl;hpj;bat;asm;asmx</Extensions>
    </Filter>
    <Filter Include="Header Files">
      <UniqueIdentifier>{93995380-89BD-4b04-88EB-625FBE52EBFB}</UniqueIdentifier>
      <Extensions>h;hpp;hxx;hm;inl;inc;xsd</Extensions>
    </Filter>
    <Filter Include="Resource Files">
      <UniqueIdentifier>{67DA6AB6-F800-4c08-8B7A-83BB121AAD01}</UniqueIdentifier>
      <Extensions>rc;ico;cur;bmp;dlg;rc2;rct;bin;rgs;gif;jpg;jpeg;jpe;resx;tiff;tif;png;wav</Extensions>
    </Filter>
    <Filter Include="Config">
      <UniqueIdentifier>{2b36376a-4b5a-424d-a0b0-6c8d3da4fb72}</UniqueIdentifier>
    </Filter>
    <Filter Include="Samples">
      <UniqueIdentifier>{3618da7b-2bb0-4a0a-a4b4-2832b6311a4c}</UniqueIdentifier>
    </Filter>
    <Filter Include="Samples\helloworld">
      <UniqueIdentifier>{48ac4939-8c79-4589-a6d3-666e7beb2dae}</UniqueIdentifier>
    </Filter>
    <Filter Include="Samples\defaultdocument">
      <UniqueIdentifier>{a03bb42f-f23f-4af6-93e8-998401231a7d}</UniqueIdentifier>
    </Filter>
    <Filter Include="Samples\logging">
      <UniqueIdentifier>{43f3d8e0-aecd-4f50-8d4e-37998bb1e257}</UniqueIdentifier>
    </Filter>
    <Filter Include="Samples\configuration">
      <UniqueIdentifier>{f07a5931-154f-4980-a9ed-245f530c1110}</UniqueIdentifier>
    </Filter>
    <Filter Include="Scripts">
      <UniqueIdentifier>{08cdec16-3583-4ae0-8fd2-2ae9209a9f27}</UniqueIdentifier>
    </Filter>
    <Filter Include="Samples\express">
      <UniqueIdentifier>{ef0693b6-03e4-4dd5-9871-95e7ebdad97a}</UniqueIdentifier>
    </Filter>
    <Filter Include="Samples\urlrewrite">
      <UniqueIdentifier>{c2b92f3e-7cfe-4356-93eb-5ea1aedc7a23}</UniqueIdentifier>
    </Filter>
  </ItemGroup>
  <ItemGroup>
    <ClCompile Include="main.cpp">
      <Filter>Source Files</Filter>
    </ClCompile>
    <ClCompile Include="precomp.cpp">
      <Filter>Source Files</Filter>
    </ClCompile>
    <ClCompile Include="cnodehttpmodule.cpp">
      <Filter>Source Files</Filter>
    </ClCompile>
    <ClCompile Include="cactiverequestpool.cpp">
      <Filter>Source Files</Filter>
    </ClCompile>
    <ClCompile Include="chttpprotocol.cpp">
      <Filter>Source Files</Filter>
    </ClCompile>
    <ClCompile Include="cnodeapplication.cpp">
      <Filter>Source Files</Filter>
    </ClCompile>
    <ClCompile Include="cnodeapplicationmanager.cpp">
      <Filter>Source Files</Filter>
    </ClCompile>
    <ClCompile Include="cnodeprocess.cpp">
      <Filter>Source Files</Filter>
    </ClCompile>
    <ClCompile Include="cnodeprocessmanager.cpp">
      <Filter>Source Files</Filter>
    </ClCompile>
    <ClCompile Include="cpendingrequestqueue.cpp">
      <Filter>Source Files</Filter>
    </ClCompile>
    <ClCompile Include="cprotocolbridge.cpp">
      <Filter>Source Files</Filter>
    </ClCompile>
    <ClCompile Include="cnodehttpmodulefactory.cpp">
      <Filter>Source Files</Filter>
    </ClCompile>
    <ClCompile Include="cnodehttpstoredcontext.cpp">
      <Filter>Source Files</Filter>
    </ClCompile>
    <ClCompile Include="cmoduleconfiguration.cpp">
      <Filter>Source Files</Filter>
    </ClCompile>
    <ClCompile Include="casyncmanager.cpp">
      <Filter>Source Files</Filter>
    </ClCompile>
    <ClCompile Include="cfilewatcher.cpp">
      <Filter>Source Files</Filter>
    </ClCompile>
  </ItemGroup>
  <ItemGroup>
    <ClInclude Include="precomp.h">
      <Filter>Header Files</Filter>
    </ClInclude>
    <ClInclude Include="cnodehttpmodule.h">
      <Filter>Header Files</Filter>
    </ClInclude>
    <ClInclude Include="cnodehttpmodulefactory.h">
      <Filter>Header Files</Filter>
    </ClInclude>
    <ClInclude Include="cnodeapplicationmanager.h">
      <Filter>Header Files</Filter>
    </ClInclude>
    <ClInclude Include="cnodeapplication.h">
      <Filter>Header Files</Filter>
    </ClInclude>
    <ClInclude Include="cpendingrequestqueue.h">
      <Filter>Header Files</Filter>
    </ClInclude>
    <ClInclude Include="cnodeprocessmanager.h">
      <Filter>Header Files</Filter>
    </ClInclude>
    <ClInclude Include="cnodeprocess.h">
      <Filter>Header Files</Filter>
    </ClInclude>
    <ClInclude Include="cactiverequestpool.h">
      <Filter>Header Files</Filter>
    </ClInclude>
    <ClInclude Include="cprotocolbridge.h">
      <Filter>Header Files</Filter>
    </ClInclude>
    <ClInclude Include="chttpprotocol.h">
      <Filter>Header Files</Filter>
    </ClInclude>
    <ClInclude Include="utils.h">
      <Filter>Header Files</Filter>
    </ClInclude>
    <ClInclude Include="cnodehttpstoredcontext.h">
      <Filter>Header Files</Filter>
    </ClInclude>
    <ClInclude Include="cmoduleconfiguration.h">
      <Filter>Header Files</Filter>
    </ClInclude>
    <ClInclude Include="casyncmanager.h">
      <Filter>Header Files</Filter>
    </ClInclude>
    <ClInclude Include="cfilewatcher.h">
      <Filter>Header Files</Filter>
    </ClInclude>
  </ItemGroup>
  <ItemGroup>
    <None Include="iisnode.def">
      <Filter>Source Files</Filter>
    </None>
    <None Include="..\config\iisnode_schema.xml">
      <Filter>Config</Filter>
    </None>
    <None Include="..\samples\helloworld\hello.js">
      <Filter>Samples\helloworld</Filter>
    </None>
    <None Include="..\samples\helloworld\web.config">
      <Filter>Samples\helloworld</Filter>
    </None>
    <None Include="..\samples\defaultdocument\index.js">
      <Filter>Samples\defaultdocument</Filter>
    </None>
    <None Include="..\samples\defaultdocument\web.config">
      <Filter>Samples\defaultdocument</Filter>
    </None>
    <None Include="..\samples\logging\hello.js">
      <Filter>Samples\logging</Filter>
    </None>
    <None Include="..\samples\logging\web.config">
      <Filter>Samples\logging</Filter>
    </None>
    <None Include="..\samples\configuration\hello.js">
      <Filter>Samples\configuration</Filter>
    </None>
    <None Include="..\samples\index.htm">
      <Filter>Samples</Filter>
    </None>
    <None Include="..\scripts\install.bat">
      <Filter>Scripts</Filter>
    </None>
    <None Include="..\scripts\addiisnodesectiongroup.js">
      <Filter>Scripts</Filter>
    </None>
    <None Include="..\samples\configuration\web.config">
      <Filter>Samples\configuration</Filter>
    </None>
    <None Include="..\samples\express\hello.js">
      <Filter>Samples\express</Filter>
    </None>
    <None Include="..\samples\express\web.config">
      <Filter>Samples\express</Filter>
    </None>
    <None Include="..\samples\urlrewrite\hello.js">
      <Filter>Samples\urlrewrite</Filter>
    </None>
    <None Include="..\samples\urlrewrite\web.config">
      <Filter>Samples\urlrewrite</Filter>
    </None>
    <None Include="..\samples\urlrewrite\readme.htm">
      <Filter>Samples\urlrewrite</Filter>
    </None>
    <None Include="..\samples\helloworld\readme.htm">
      <Filter>Samples\helloworld</Filter>
    </None>
    <None Include="..\samples\configuration\readme.htm">
      <Filter>Samples\configuration</Filter>
    </None>
    <None Include="..\samples\defaultdocument\readme.htm">
      <Filter>Samples\defaultdocument</Filter>
    </None>
    <None Include="..\samples\logging\readme.htm">
      <Filter>Samples\logging</Filter>
    </None>
    <None Include="..\samples\express\readme.htm">
      <Filter>Samples\express</Filter>
    </None>
  </ItemGroup>
</Project>