
Microsoft Visual Studio Solution File, Format Version 12.00
# Visual Studio 2012
Project("{8BC9CEB8-8B4A-11D0-8D11-00A0C91BC942}") = "iisnode", "iisnode.vcxproj", "{D1F7201F-064B-48AB-868C-FED22464841C}"
	ProjectSection(ProjectDependencies) = postProject
		{D1F7201F-064B-48AB-868C-FED22464841D} = {D1F7201F-064B-48AB-868C-FED22464841D}
		{79D88BF0-FD48-49C6-8CFD-F6B3605378B3} = {79D88BF0-FD48-49C6-8CFD-F6B3605378B3}
	EndProjectSection
EndProject
Project("{930C7802-8A8C-48F9-8165-68863BCCD9DD}") = "iisnode-express-msi", "..\setup\iisnode-express-msi\iisnode-express-msi.wixproj", "{36D6E303-E057-4963-A093-C7AAE0FD92B3}"
EndProject
Project("{8BC9CEB8-8B4A-11D0-8D11-00A0C91BC942}") = "iisnode-inspector", "iisnode-inspector.vcxproj", "{D1F7201F-064B-48AB-868C-FED22464841D}"
EndProject
Project("{8BC9CEB8-8B4A-11D0-8D11-00A0C91BC942}") = "iisnode-inspector-0.7.3", "iisnode-inspector-0.7.3.vcxproj", "{79D88BF0-FD48-49C6-8CFD-F6B3605378B3}"
	ProjectSection(ProjectDependencies) = postProject
		{D1F7201F-064B-48AB-868C-FED22464841D} = {D1F7201F-064B-48AB-868C-FED22464841D}
	EndProjectSection
EndProject
Project("{930C7802-8A8C-48F9-8165-68863BCCD9DD}") = "iisnode-msi-core", "..\setup\iisnode-msi\iisnode-msi-core.wixproj", "{E2C84D6A-20EA-48A8-858E-BDD64D98A94B}"
EndProject
Project("{930C7802-8A8C-48F9-8165-68863BCCD9DD}") = "iisnode-msi-full", "..\setup\iisnode-msi\iisnode-msi-full.wixproj", "{E2C84D6A-20EA-48A8-858E-BDD64D98A94C}"
EndProject
Global
	GlobalSection(SolutionConfigurationPlatforms) = preSolution
		Debug|Mixed Platforms = Debug|Mixed Platforms
		Debug|Win32 = Debug|Win32
		Debug|x64 = Debug|x64
		Release|Mixed Platforms = Release|Mixed Platforms
		Release|Win32 = Release|Win32
		Release|x64 = Release|x64
	EndGlobalSection
	GlobalSection(ProjectConfigurationPlatforms) = postSolution
		{D1F7201F-064B-48AB-868C-FED22464841C}.Debug|Mixed Platforms.ActiveCfg = Debug|Win32
		{D1F7201F-064B-48AB-868C-FED22464841C}.Debug|Mixed Platforms.Build.0 = Debug|Win32
		{D1F7201F-064B-48AB-868C-FED22464841C}.Debug|Win32.ActiveCfg = Debug|Win32
		{D1F7201F-064B-48AB-868C-FED22464841C}.Debug|Win32.Build.0 = Debug|Win32
		{D1F7201F-064B-48AB-868C-FED22464841C}.Debug|x64.ActiveCfg = Debug|x64
		{D1F7201F-064B-48AB-868C-FED22464841C}.Debug|x64.Build.0 = Debug|x64
		{D1F7201F-064B-48AB-868C-FED22464841C}.Release|Mixed Platforms.ActiveCfg = Release|Win32
		{D1F7201F-064B-48AB-868C-FED22464841C}.Release|Mixed Platforms.Build.0 = Release|Win32
		{D1F7201F-064B-48AB-868C-FED22464841C}.Release|Win32.ActiveCfg = Release|Win32
		{D1F7201F-064B-48AB-868C-FED22464841C}.Release|Win32.Build.0 = Release|Win32
		{D1F7201F-064B-48AB-868C-FED22464841C}.Release|x64.ActiveCfg = Release|x64
		{D1F7201F-064B-48AB-868C-FED22464841C}.Release|x64.Build.0 = Release|x64
		{36D6E303-E057-4963-A093-C7AAE0FD92B3}.Debug|Mixed Platforms.ActiveCfg = Debug|x86
		{36D6E303-E057-4963-A093-C7AAE0FD92B3}.Debug|Mixed Platforms.Build.0 = Debug|x86
		{36D6E303-E057-4963-A093-C7AAE0FD92B3}.Debug|Win32.ActiveCfg = Debug|x86
		{36D6E303-E057-4963-A093-C7AAE0FD92B3}.Debug|Win32.Build.0 = Debug|x86
		{36D6E303-E057-4963-A093-C7AAE0FD92B3}.Debug|x64.ActiveCfg = Debug|x86
		{36D6E303-E057-4963-A093-C7AAE0FD92B3}.Release|Mixed Platforms.ActiveCfg = Release|x86
		{36D6E303-E057-4963-A093-C7AAE0FD92B3}.Release|Mixed Platforms.Build.0 = Release|x86
		{36D6E303-E057-4963-A093-C7AAE0FD92B3}.Release|Win32.ActiveCfg = Release|x86
		{36D6E303-E057-4963-A093-C7AAE0FD92B3}.Release|Win32.Build.0 = Release|x86
		{36D6E303-E057-4963-A093-C7AAE0FD92B3}.Release|x64.ActiveCfg = Release|x86
		{D1F7201F-064B-48AB-868C-FED22464841D}.Debug|Mixed Platforms.ActiveCfg = Debug|Win32
		{D1F7201F-064B-48AB-868C-FED22464841D}.Debug|Mixed Platforms.Build.0 = Debug|Win32
		{D1F7201F-064B-48AB-868C-FED22464841D}.Debug|Win32.ActiveCfg = Debug|Win32
		{D1F7201F-064B-48AB-868C-FED22464841D}.Debug|Win32.Build.0 = Debug|Win32
		{D1F7201F-064B-48AB-868C-FED22464841D}.Debug|x64.ActiveCfg = Debug|x64
		{D1F7201F-064B-48AB-868C-FED22464841D}.Debug|x64.Build.0 = Debug|x64
		{D1F7201F-064B-48AB-868C-FED22464841D}.Release|Mixed Platforms.ActiveCfg = Release|Win32
		{D1F7201F-064B-48AB-868C-FED22464841D}.Release|Mixed Platforms.Build.0 = Release|Win32
		{D1F7201F-064B-48AB-868C-FED22464841D}.Release|Win32.ActiveCfg = Release|Win32
		{D1F7201F-064B-48AB-868C-FED22464841D}.Release|Win32.Build.0 = Release|Win32
		{D1F7201F-064B-48AB-868C-FED22464841D}.Release|x64.ActiveCfg = Release|x64
		{D1F7201F-064B-48AB-868C-FED22464841D}.Release|x64.Build.0 = Release|x64
		{79D88BF0-FD48-49C6-8CFD-F6B3605378B3}.Debug|Mixed Platforms.ActiveCfg = Debug|Win32
		{79D88BF0-FD48-49C6-8CFD-F6B3605378B3}.Debug|Mixed Platforms.Build.0 = Debug|Win32
		{79D88BF0-FD48-49C6-8CFD-F6B3605378B3}.Debug|Win32.ActiveCfg = Debug|Win32
		{79D88BF0-FD48-49C6-8CFD-F6B3605378B3}.Debug|Win32.Build.0 = Debug|Win32
		{79D88BF0-FD48-49C6-8CFD-F6B3605378B3}.Debug|x64.ActiveCfg = Debug|x64
		{79D88BF0-FD48-49C6-8CFD-F6B3605378B3}.Debug|x64.Build.0 = Debug|x64
		{79D88BF0-FD48-49C6-8CFD-F6B3605378B3}.Release|Mixed Platforms.ActiveCfg = Release|Win32
		{79D88BF0-FD48-49C6-8CFD-F6B3605378B3}.Release|Mixed Platforms.Build.0 = Release|Win32
		{79D88BF0-FD48-49C6-8CFD-F6B3605378B3}.Release|Win32.ActiveCfg = Release|Win32
		{79D88BF0-FD48-49C6-8CFD-F6B3605378B3}.Release|Win32.Build.0 = Release|Win32
		{79D88BF0-FD48-49C6-8CFD-F6B3605378B3}.Release|x64.ActiveCfg = Release|x64
		{79D88BF0-FD48-49C6-8CFD-F6B3605378B3}.Release|x64.Build.0 = Release|x64
		{E2C84D6A-20EA-48A8-858E-BDD64D98A94B}.Debug|Mixed Platforms.ActiveCfg = Debug|x86
		{E2C84D6A-20EA-48A8-858E-BDD64D98A94B}.Debug|Mixed Platforms.Build.0 = Debug|x86
		{E2C84D6A-20EA-48A8-858E-BDD64D98A94B}.Debug|Win32.ActiveCfg = Debug|x86
		{E2C84D6A-20EA-48A8-858E-BDD64D98A94B}.Debug|Win32.Build.0 = Debug|x86
		{E2C84D6A-20EA-48A8-858E-BDD64D98A94B}.Debug|x64.ActiveCfg = Debug|x64
		{E2C84D6A-20EA-48A8-858E-BDD64D98A94B}.Debug|x64.Build.0 = Debug|x64
		{E2C84D6A-20EA-48A8-858E-BDD64D98A94B}.Release|Mixed Platforms.ActiveCfg = Release|x86
		{E2C84D6A-20EA-48A8-858E-BDD64D98A94B}.Release|Mixed Platforms.Build.0 = Release|x86
		{E2C84D6A-20EA-48A8-858E-BDD64D98A94B}.Release|Win32.ActiveCfg = Release|x86
		{E2C84D6A-20EA-48A8-858E-BDD64D98A94B}.Release|Win32.Build.0 = Release|x86
		{E2C84D6A-20EA-48A8-858E-BDD64D98A94B}.Release|x64.ActiveCfg = Release|x64
		{E2C84D6A-20EA-48A8-858E-BDD64D98A94B}.Release|x64.Build.0 = Release|x64
		{E2C84D6A-20EA-48A8-858E-BDD64D98A94C}.Debug|Mixed Platforms.ActiveCfg = Debug|x86
		{E2C84D6A-20EA-48A8-858E-BDD64D98A94C}.Debug|Mixed Platforms.Build.0 = Debug|x86
		{E2C84D6A-20EA-48A8-858E-BDD64D98A94C}.Debug|Win32.ActiveCfg = Debug|x86
		{E2C84D6A-20EA-48A8-858E-BDD64D98A94C}.Debug|Win32.Build.0 = Debug|x86
		{E2C84D6A-20EA-48A8-858E-BDD64D98A94C}.Debug|x64.ActiveCfg = Debug|x64
		{E2C84D6A-20EA-48A8-858E-BDD64D98A94C}.Debug|x64.Build.0 = Debug|x64
		{E2C84D6A-20EA-48A8-858E-BDD64D98A94C}.Release|Mixed Platforms.ActiveCfg = Release|x86
		{E2C84D6A-20EA-48A8-858E-BDD64D98A94C}.Release|Mixed Platforms.Build.0 = Release|x86
		{E2C84D6A-20EA-48A8-858E-BDD64D98A94C}.Release|Win32.ActiveCfg = Release|x86
		{E2C84D6A-20EA-48A8-858E-BDD64D98A94C}.Release|Win32.Build.0 = Release|x86
		{E2C84D6A-20EA-48A8-858E-BDD64D98A94C}.Release|x64.ActiveCfg = Release|x64
		{E2C84D6A-20EA-48A8-858E-BDD64D98A94C}.Release|x64.Build.0 = Release|x64
	EndGlobalSection
	GlobalSection(SolutionProperties) = preSolution
		HideSolutionNode = FALSE
	EndGlobalSection
EndGlobal
